
Microsoft Visual Studio Solution File, Format Version 12.00
# Visual Studio 2013
VisualStudioVersion = 12.0.31101.0
MinimumVisualStudioVersion = 10.0.40219.1
Project("{8BC9CEB8-8B4A-11D0-8D11-00A0C91BC942}") = "W5-课程作业-MyString类", "W5-课程作业-MyString类\W5-课程作业-MyString类.vcxproj", "{ABFA40BA-E7BD-4960-88F5-D74E2265D66D}"
EndProject
Global
	GlobalSection(SolutionConfigurationPlatforms) = preSolution
		Debug|Win32 = Debug|Win32
		Release|Win32 = Release|Win32
	EndGlobalSection
	GlobalSection(ProjectConfigurationPlatforms) = postSolution
		{ABFA40BA-E7BD-4960-88F5-D74E2265D66D}.Debug|Win32.ActiveCfg = Debug|Win32
		{ABFA40BA-E7BD-4960-88F5-D74E2265D66D}.Debug|Win32.Build.0 = Debug|Win32
		{ABFA40BA-E7BD-4960-88F5-D74E2265D66D}.Release|Win32.ActiveCfg = Release|Win32
		{ABFA40BA-E7BD-4960-88F5-D74E2265D66D}.Release|Win32.Build.0 = Release|Win32
	EndGlobalSection
	GlobalSection(SolutionProperties) = preSolution
		HideSolutionNode = FALSE
	EndGlobalSection
EndGlobal
