
Microsoft Visual Studio Solution File, Format Version 12.00
# Visual Studio 2013
VisualStudioVersion = 12.0.31101.0
MinimumVisualStudioVersion = 10.0.40219.1
Project("{8BC9CEB8-8B4A-11D0-8D11-00A0C91BC942}") = "W4-编程作业-大整数的加减乘除", "W4-编程作业-大整数的加减乘除\W4-编程作业-大整数的加减乘除.vcxproj", "{5AA13350-7A4F-4A49-A076-63050397EFA9}"
EndProject
Global
	GlobalSection(SolutionConfigurationPlatforms) = preSolution
		Debug|Win32 = Debug|Win32
		Release|Win32 = Release|Win32
	EndGlobalSection
	GlobalSection(ProjectConfigurationPlatforms) = postSolution
		{5AA13350-7A4F-4A49-A076-63050397EFA9}.Debug|Win32.ActiveCfg = Debug|Win32
		{5AA13350-7A4F-4A49-A076-63050397EFA9}.Debug|Win32.Build.0 = Debug|Win32
		{5AA13350-7A4F-4A49-A076-63050397EFA9}.Release|Win32.ActiveCfg = Release|Win32
		{5AA13350-7A4F-4A49-A076-63050397EFA9}.Release|Win32.Build.0 = Release|Win32
	EndGlobalSection
	GlobalSection(SolutionProperties) = preSolution
		HideSolutionNode = FALSE
	EndGlobalSection
EndGlobal
